
Microsoft Visual Studio Solution File, Format Version 12.00
# Visual Studio Version 17
VisualStudioVersion = 17.3.32721.290
MinimumVisualStudioVersion = 10.0.40219.1
Project("{FAE04EC0-301F-11D3-BF4B-00C04F79EFBC}") = "LtsWebServiceAPI", "LtsWebServiceAPI.csproj", "{FE041A16-3AE1-44B6-ABA6-080B6DA87F2B}"
EndProject
Global
	GlobalSection(SolutionConfigurationPlatforms) = preSolution
		Debug|Any CPU = Debug|Any CPU
		Release|Any CPU = Release|Any CPU
	EndGlobalSection
	GlobalSection(ProjectConfigurationPlatforms) = postSolution
		{FE041A16-3AE1-44B6-ABA6-080B6DA87F2B}.Debug|Any CPU.ActiveCfg = Debug|Any CPU
		{FE041A16-3AE1-44B6-ABA6-080B6DA87F2B}.Debug|Any CPU.Build.0 = Debug|Any CPU
		{FE041A16-3AE1-44B6-ABA6-080B6DA87F2B}.Release|Any CPU.ActiveCfg = Release|Any CPU
		{FE041A16-3AE1-44B6-ABA6-080B6DA87F2B}.Release|Any CPU.Build.0 = Release|Any CPU
	EndGlobalSection
	GlobalSection(SolutionProperties) = preSolution
		HideSolutionNode = FALSE
	EndGlobalSection
	GlobalSection(ExtensibilityGlobals) = postSolution
		SolutionGuid = {C81CF926-BCDF-42D0-AEC4-39EA30E7A3A3}
	EndGlobalSection
EndGlobal
